
Microsoft Visual Studio Solution File, Format Version 12.00
# Visual Studio Version 17
VisualStudioVersion = 17.4.33213.308
MinimumVisualStudioVersion = 10.0.40219.1
Project("{FAE04EC0-301F-11D3-BF4B-00C04F79EFBC}") = "KAM_Task_01", "KAM_Task_01\KAM_Task_01.csproj", "{7607901F-6E9D-4E7E-83B0-6886FA851E54}"
EndProject
Global
	GlobalSection(SolutionConfigurationPlatforms) = preSolution
		Debug|Any CPU = Debug|Any CPU
		Release|Any CPU = Release|Any CPU
	EndGlobalSection
	GlobalSection(ProjectConfigurationPlatforms) = postSolution
		{7607901F-6E9D-4E7E-83B0-6886FA851E54}.Debug|Any CPU.ActiveCfg = Debug|Any CPU
		{7607901F-6E9D-4E7E-83B0-6886FA851E54}.Debug|Any CPU.Build.0 = Debug|Any CPU
		{7607901F-6E9D-4E7E-83B0-6886FA851E54}.Release|Any CPU.ActiveCfg = Release|Any CPU
		{7607901F-6E9D-4E7E-83B0-6886FA851E54}.Release|Any CPU.Build.0 = Release|Any CPU
	EndGlobalSection
	GlobalSection(SolutionProperties) = preSolution
		HideSolutionNode = FALSE
	EndGlobalSection
	GlobalSection(ExtensibilityGlobals) = postSolution
		SolutionGuid = {29C59464-3434-4CD9-9B29-9FF1B5D210E8}
	EndGlobalSection
EndGlobal
